
Microsoft Visual Studio Solution File, Format Version 12.00
# Visual Studio Version 16
VisualStudioVersion = 16.0.30717.126
MinimumVisualStudioVersion = 10.0.40219.1
Project("{FAE04EC0-301F-11D3-BF4B-00C04F79EFBC}") = "Identity", "Identity\Identity.csproj", "{BF6AD526-4575-48EC-BE3E-D66B66E99CE7}"
EndProject
Global
	GlobalSection(SolutionConfigurationPlatforms) = preSolution
		Debug|Any CPU = Debug|Any CPU
		Release|Any CPU = Release|Any CPU
	EndGlobalSection
	GlobalSection(ProjectConfigurationPlatforms) = postSolution
		{BF6AD526-4575-48EC-BE3E-D66B66E99CE7}.Debug|Any CPU.ActiveCfg = Debug|Any CPU
		{BF6AD526-4575-48EC-BE3E-D66B66E99CE7}.Debug|Any CPU.Build.0 = Debug|Any CPU
		{BF6AD526-4575-48EC-BE3E-D66B66E99CE7}.Release|Any CPU.ActiveCfg = Release|Any CPU
		{BF6AD526-4575-48EC-BE3E-D66B66E99CE7}.Release|Any CPU.Build.0 = Release|Any CPU
	EndGlobalSection
	GlobalSection(SolutionProperties) = preSolution
		HideSolutionNode = FALSE
	EndGlobalSection
	GlobalSection(ExtensibilityGlobals) = postSolution
		SolutionGuid = {2E2419A1-8AFA-458E-AC99-94D451B353CA}
	EndGlobalSection
EndGlobal
